<Solution>
  <Folder Name="/src/">
    <Project Path="src/DynamicDave.Umbraco.QuickContentTools/DynamicDave.Umbraco.QuickContentTools.csproj" />
  </Folder>
  <Folder Name="/tests/">
    <Project Path="tests/DynamicDave.Umbraco.QuickContentTools.Tests/DynamicDave.Umbraco.QuickContentTools.Tests.csproj" />
    <Project Path="tests/TestSite/TestSite.csproj" />
  </Folder>
</Solution>
